
Microsoft Visual Studio Solution File, Format Version 12.00
# Visual Studio Version 17
VisualStudioVersion = 17.4.33205.214
MinimumVisualStudioVersion = 10.0.40219.1
Project("{FAE04EC0-301F-11D3-BF4B-00C04F79EFBC}") = "ConsoleHello", "ConsoleApp1\ConsoleHello.csproj", "{6547A462-517F-435F-9567-71BED01F1A7F}"
EndProject
Global
	GlobalSection(SolutionConfigurationPlatforms) = preSolution
		Debug|Any CPU = Debug|Any CPU
		Release|Any CPU = Release|Any CPU
	EndGlobalSection
	GlobalSection(ProjectConfigurationPlatforms) = postSolution
		{6547A462-517F-435F-9567-71BED01F1A7F}.Debug|Any CPU.ActiveCfg = Debug|Any CPU
		{6547A462-517F-435F-9567-71BED01F1A7F}.Debug|Any CPU.Build.0 = Debug|Any CPU
		{6547A462-517F-435F-9567-71BED01F1A7F}.Release|Any CPU.ActiveCfg = Release|Any CPU
		{6547A462-517F-435F-9567-71BED01F1A7F}.Release|Any CPU.Build.0 = Release|Any CPU
	EndGlobalSection
	GlobalSection(SolutionProperties) = preSolution
		HideSolutionNode = FALSE
	EndGlobalSection
	GlobalSection(ExtensibilityGlobals) = postSolution
		SolutionGuid = {7AC8EF09-2DE0-4442-8BB6-8D7D483F037B}
	EndGlobalSection
EndGlobal
