
Microsoft Visual Studio Solution File, Format Version 12.00
# Visual Studio Version 17
VisualStudioVersion = 17.4.33205.214
MinimumVisualStudioVersion = 10.0.40219.1
Project("{FAE04EC0-301F-11D3-BF4B-00C04F79EFBC}") = "ConsolePierwszyProjektCs", "ConsolePierwszyProjektCs\ConsolePierwszyProjektCs.csproj", "{5FB94A8A-AC49-4A6A-8A17-A0B55122677E}"
EndProject
Global
	GlobalSection(SolutionConfigurationPlatforms) = preSolution
		Debug|Any CPU = Debug|Any CPU
		Release|Any CPU = Release|Any CPU
	EndGlobalSection
	GlobalSection(ProjectConfigurationPlatforms) = postSolution
		{5FB94A8A-AC49-4A6A-8A17-A0B55122677E}.Debug|Any CPU.ActiveCfg = Debug|Any CPU
		{5FB94A8A-AC49-4A6A-8A17-A0B55122677E}.Debug|Any CPU.Build.0 = Debug|Any CPU
		{5FB94A8A-AC49-4A6A-8A17-A0B55122677E}.Release|Any CPU.ActiveCfg = Release|Any CPU
		{5FB94A8A-AC49-4A6A-8A17-A0B55122677E}.Release|Any CPU.Build.0 = Release|Any CPU
	EndGlobalSection
	GlobalSection(SolutionProperties) = preSolution
		HideSolutionNode = FALSE
	EndGlobalSection
	GlobalSection(ExtensibilityGlobals) = postSolution
		SolutionGuid = {5D259EC8-C2FC-4FAF-BECA-0C947DBEC187}
	EndGlobalSection
EndGlobal
